
Microsoft Visual Studio Solution File, Format Version 12.00
# Visual Studio Version 17
VisualStudioVersion = 17.9.34728.123
MinimumVisualStudioVersion = 10.0.40219.1
Project("{FAE04EC0-301F-11D3-BF4B-00C04F79EFBC}") = "QLBG", "QLBG\QLBG.csproj", "{46C517A7-F8D1-434F-AF37-818FD3E451FE}"
EndProject
Global
	GlobalSection(SolutionConfigurationPlatforms) = preSolution
		Debug|Any CPU = Debug|Any CPU
		Release|Any CPU = Release|Any CPU
	EndGlobalSection
	GlobalSection(ProjectConfigurationPlatforms) = postSolution
		{46C517A7-F8D1-434F-AF37-818FD3E451FE}.Debug|Any CPU.ActiveCfg = Debug|Any CPU
		{46C517A7-F8D1-434F-AF37-818FD3E451FE}.Debug|Any CPU.Build.0 = Debug|Any CPU
		{46C517A7-F8D1-434F-AF37-818FD3E451FE}.Release|Any CPU.ActiveCfg = Release|Any CPU
		{46C517A7-F8D1-434F-AF37-818FD3E451FE}.Release|Any CPU.Build.0 = Release|Any CPU
	EndGlobalSection
	GlobalSection(SolutionProperties) = preSolution
		HideSolutionNode = FALSE
	EndGlobalSection
	GlobalSection(ExtensibilityGlobals) = postSolution
		SolutionGuid = {7605C210-FD53-41BE-BB5E-225E9A55C547}
	EndGlobalSection
EndGlobal
